// !$*UTF8*$!
{
	archiveVersion = 1;
	classes = {
	};
	objectVersion = 46;
	objects = {

/* Begin PBXBuildFile section */
		498443191C23011A0090B9EE /* AppDelegate.swift in Sources */ = {isa = PBXBuildFile; fileRef = 498443181C23011A0090B9EE /* AppDelegate.swift */; };
		4984431B1C23011A0090B9EE /* ViewController.swift in Sources */ = {isa = PBXBuildFile; fileRef = 4984431A1C23011A0090B9EE /* ViewController.swift */; };
		4984431E1C23011A0090B9EE /* Main.storyboard in Resources */ = {isa = PBXBuildFile; fileRef = 4984431C1C23011A0090B9EE /* Main.storyboard */; };
		498443201C23011A0090B9EE /* Assets.xcassets in Resources */ = {isa = PBXBuildFile; fileRef = 4984431F1C23011A0090B9EE /* Assets.xcassets */; };
		498443231C23011A0090B9EE /* LaunchScreen.storyboard in Resources */ = {isa = PBXBuildFile; fileRef = 498443211C23011A0090B9EE /* LaunchScreen.storyboard */; };
		4984432E1C23011A0090B9EE /* RespApiCall_weatherTests.swift in Sources */ = {isa = PBXBuildFile; fileRef = 4984432D1C23011A0090B9EE /* RespApiCall_weatherTests.swift */; };
		498443391C23011A0090B9EE /* RespApiCall_weatherUITests.swift in Sources */ = {isa = PBXBuildFile; fileRef = 498443381C23011A0090B9EE /* RespApiCall_weatherUITests.swift */; };
/* End PBXBuildFile section */

/* Begin PBXContainerItemProxy section */
		4984432A1C23011A0090B9EE /* PBXContainerItemProxy */ = {
			isa = PBXContainerItemProxy;
			containerPortal = 4984430D1C23011A0090B9EE /* Project object */;
			proxyType = 1;
			remoteGlobalIDString = 498443141C23011A0090B9EE;
			remoteInfo = "RespApiCall-weather";
		};
		498443351C23011A0090B9EE /* PBXContainerItemProxy */ = {
			isa = PBXContainerItemProxy;
			containerPortal = 4984430D1C23011A0090B9EE /* Project object */;
			proxyType = 1;
			remoteGlobalIDString = 498443141C23011A0090B9EE;
			remoteInfo = "RespApiCall-weather";
		};
/* End PBXContainerItemProxy section */

/* Begin PBXFileReference section */
		498443151C23011A0090B9EE /* RespApiCall-weather.app */ = {isa = PBXFileReference; explicitFileType = wrapper.application; includeInIndex = 0; path = "RespApiCall-weather.app"; sourceTree = BUILT_PRODUCTS_DIR; };
		498443181C23011A0090B9EE /* AppDelegate.swift */ = {isa = PBXFileReference; lastKnownFileType = sourcecode.swift; path = AppDelegate.swift; sourceTree = "<group>"; };
		4984431A1C23011A0090B9EE /* ViewController.swift */ = {isa = PBXFileReference; lastKnownFileType = sourcecode.swift; path = ViewController.swift; sourceTree = "<group>"; };
		4984431D1C23011A0090B9EE /* Base */ = {isa = PBXFileReference; lastKnownFileType = file.storyboard; name = Base; path = Base.lproj/Main.storyboard; sourceTree = "<group>"; };
		4984431F1C23011A0090B9EE /* Assets.xcassets */ = {isa = PBXFileReference; lastKnownFileType = folder.assetcatalog; path = Assets.xcassets; sourceTree = "<group>"; };
		498443221C23011A0090B9EE /* Base */ = {isa = PBXFileReference; lastKnownFileType = file.storyboard; name = Base; path = Base.lproj/LaunchScreen.storyboard; sourceTree = "<group>"; };
		498443241C23011A0090B9EE /* Info.plist */ = {isa = PBXFileReference; lastKnownFileType = text.plist.xml; path = Info.plist; sourceTree = "<group>"; };
		498443291C23011A0090B9EE /* RespApiCall-weatherTests.xctest */ = {isa = PBXFileReference; explicitFileType = wrapper.cfbundle; includeInIndex = 0; path = "RespApiCall-weatherTests.xctest"; sourceTree = BUILT_PRODUCTS_DIR; };
		4984432D1C23011A0090B9EE /* RespApiCall_weatherTests.swift */ = {isa = PBXFileReference; lastKnownFileType = sourcecode.swift; path = RespApiCall_weatherTests.swift; sourceTree = "<group>"; };
		4984432F1C23011A0090B9EE /* Info.plist */ = {isa = PBXFileReference; lastKnownFileType = text.plist.xml; path = Info.plist; sourceTree = "<group>"; };
		498443341C23011A0090B9EE /* RespApiCall-weatherUITests.xctest */ = {isa = PBXFileReference; explicitFileType = wrapper.cfbundle; includeInIndex = 0; path = "RespApiCall-weatherUITests.xctest"; sourceTree = BUILT_PRODUCTS_DIR; };
		498443381C23011A0090B9EE /* RespApiCall_weatherUITests.swift */ = {isa = PBXFileReference; lastKnownFileType = sourcecode.swift; path = RespApiCall_weatherUITests.swift; sourceTree = "<group>"; };
		4984433A1C23011A0090B9EE /* Info.plist */ = {isa = PBXFileReference; lastKnownFileType = text.plist.xml; path = Info.plist; sourceTree = "<group>"; };
/* End PBXFileReference section */

/* Begin PBXFrameworksBuildPhase section */
		498443121C23011A0090B9EE /* Frameworks */ = {
			isa = PBXFrameworksBuildPhase;
			buildActionMask = 2147483647;
			files = (
			);
			runOnlyForDeploymentPostprocessing = 0;
		};
		498443261C23011A0090B9EE /* Frameworks */ = {
			isa = PBXFrameworksBuildPhase;
			buildActionMask = 2147483647;
			files = (
			);
			runOnlyForDeploymentPostprocessing = 0;
		};
		498443311C23011A0090B9EE /* Frameworks */ = {
			isa = PBXFrameworksBuildPhase;
			buildActionMask = 2147483647;
			files = (
			);
			runOnlyForDeploymentPostprocessing = 0;
		};
/* End PBXFrameworksBuildPhase section */

/* Begin PBXGroup section */
		4984430C1C23011A0090B9EE = {
			isa = PBXGroup;
			children = (
				498443171C23011A0090B9EE /* RespApiCall-weather */,
				4984432C1C23011A0090B9EE /* RespApiCall-weatherTests */,
				498443371C23011A0090B9EE /* RespApiCall-weatherUITests */,
				498443161C23011A0090B9EE /* Products */,
			);
			sourceTree = "<group>";
		};
		498443161C23011A0090B9EE /* Products */ = {
			isa = PBXGroup;
			children = (
				498443151C23011A0090B9EE /* RespApiCall-weather.app */,
				498443291C23011A0090B9EE /* RespApiCall-weatherTests.xctest */,
				498443341C23011A0090B9EE /* RespApiCall-weatherUITests.xctest */,
			);
			name = Products;
			sourceTree = "<group>";
		};
		498443171C23011A0090B9EE /* RespApiCall-weather */ = {
			isa = PBXGroup;
			children = (
				498443181C23011A0090B9EE /* AppDelegate.swift */,
				4984431A1C23011A0090B9EE /* ViewController.swift */,
				4984431C1C23011A0090B9EE /* Main.storyboard */,
				4984431F1C23011A0090B9EE /* Assets.xcassets */,
				498443211C23011A0090B9EE /* LaunchScreen.storyboard */,
				498443241C23011A0090B9EE /* Info.plist */,
			);
			path = "RespApiCall-weather";
			sourceTree = "<group>";
		};
		4984432C1C23011A0090B9EE /* RespApiCall-weatherTests */ = {
			isa = PBXGroup;
			children = (
				4984432D1C23011A0090B9EE /* RespApiCall_weatherTests.swift */,
				4984432F1C23011A0090B9EE /* Info.plist */,
			);
			path = "RespApiCall-weatherTests";
			sourceTree = "<group>";
		};
		498443371C23011A0090B9EE /* RespApiCall-weatherUITests */ = {
			isa = PBXGroup;
			children = (
				498443381C23011A0090B9EE /* RespApiCall_weatherUITests.swift */,
				4984433A1C23011A0090B9EE /* Info.plist */,
			);
			path = "RespApiCall-weatherUITests";
			sourceTree = "<group>";
		};
/* End PBXGroup section */

/* Begin PBXNativeTarget section */
		498443141C23011A0090B9EE /* RespApiCall-weather */ = {
			isa = PBXNativeTarget;
			buildConfigurationList = 4984433D1C23011A0090B9EE /* Build configuration list for PBXNativeTarget "RespApiCall-weather" */;
			buildPhases = (
				498443111C23011A0090B9EE /* Sources */,
				498443121C23011A0090B9EE /* Frameworks */,
				498443131C23011A0090B9EE /* Resources */,
			);
			buildRules = (
			);
			dependencies = (
			);
			name = "RespApiCall-weather";
			productName = "RespApiCall-weather";
			productReference = 498443151C23011A0090B9EE /* RespApiCall-weather.app */;
			productType = "com.apple.product-type.application";
		};
		498443281C23011A0090B9EE /* RespApiCall-weatherTests */ = {
			isa = PBXNativeTarget;
			buildConfigurationList = 498443401C23011A0090B9EE /* Build configuration list for PBXNativeTarget "RespApiCall-weatherTests" */;
			buildPhases = (
				498443251C23011A0090B9EE /* Sources */,
				498443261C23011A0090B9EE /* Frameworks */,
				498443271C23011A0090B9EE /* Resources */,
			);
			buildRules = (
			);
			dependencies = (
				4984432B1C23011A0090B9EE /* PBXTargetDependency */,
			);
			name = "RespApiCall-weatherTests";
			productName = "RespApiCall-weatherTests";
			productReference = 498443291C23011A0090B9EE /* RespApiCall-weatherTests.xctest */;
			productType = "com.apple.product-type.bundle.unit-test";
		};
		498443331C23011A0090B9EE /* RespApiCall-weatherUITests */ = {
			isa = PBXNativeTarget;
			buildConfigurationList = 498443431C23011A0090B9EE /* Build configuration list for PBXNativeTarget "RespApiCall-weatherUITests" */;
			buildPhases = (
				498443301C23011A0090B9EE /* Sources */,
				498443311C23011A0090B9EE /* Frameworks */,
				498443321C23011A0090B9EE /* Resources */,
			);
			buildRules = (
			);
			dependencies = (
				498443361C23011A0090B9EE /* PBXTargetDependency */,
			);
			name = "RespApiCall-weatherUITests";
			productName = "RespApiCall-weatherUITests";
			productReference = 498443341C23011A0090B9EE /* RespApiCall-weatherUITests.xctest */;
			productType = "com.apple.product-type.bundle.ui-testing";
		};
/* End PBXNativeTarget section */

/* Begin PBXProject section */
		4984430D1C23011A0090B9EE /* Project object */ = {
			isa = PBXProject;
			attributes = {
				LastSwiftUpdateCheck = 0720;
				LastUpgradeCheck = 0720;
				ORGANIZATIONNAME = Mattia;
				TargetAttributes = {
					498443141C23011A0090B9EE = {
						CreatedOnToolsVersion = 7.2;
						DevelopmentTeam = F437VMQB8J;
					};
					498443281C23011A0090B9EE = {
						CreatedOnToolsVersion = 7.2;
						DevelopmentTeam = F437VMQB8J;
						TestTargetID = 498443141C23011A0090B9EE;
					};
					498443331C23011A0090B9EE = {
						CreatedOnToolsVersion = 7.2;
						DevelopmentTeam = F437VMQB8J;
						TestTargetID = 498443141C23011A0090B9EE;
					};
				};
			};
			buildConfigurationList = 498443101C23011A0090B9EE /* Build configuration list for PBXProject "RespApiCall-weather" */;
			compatibilityVersion = "Xcode 3.2";
			developmentRegion = English;
			hasScannedForEncodings = 0;
			knownRegions = (
				en,
				Base,
			);
			mainGroup = 4984430C1C23011A0090B9EE;
			productRefGroup = 498443161C23011A0090B9EE /* Products */;
			projectDirPath = "";
			projectRoot = "";
			targets = (
				498443141C23011A0090B9EE /* RespApiCall-weather */,
				498443281C23011A0090B9EE /* RespApiCall-weatherTests */,
				498443331C23011A0090B9EE /* RespApiCall-weatherUITests */,
			);
		};
/* End PBXProject section */

/* Begin PBXResourcesBuildPhase section */
		498443131C23011A0090B9EE /* Resources */ = {
			isa = PBXResourcesBuildPhase;
			buildActionMask = 2147483647;
			files = (
				498443231C23011A0090B9EE /* LaunchScreen.storyboard in Resources */,
				498443201C23011A0090B9EE /* Assets.xcassets in Resources */,
				4984431E1C23011A0090B9EE /* Main.storyboard in Resources */,
			);
			runOnlyForDeploymentPostprocessing = 0;
		};
		498443271C23011A0090B9EE /* Resources */ = {
			isa = PBXResourcesBuildPhase;
			buildActionMask = 2147483647;
			files = (
			);
			runOnlyForDeploymentPostprocessing = 0;
		};
		498443321C23011A0090B9EE /* Resources */ = {
			isa = PBXResourcesBuildPhase;
			buildActionMask = 2147483647;
			files = (
			);
			runOnlyForDeploymentPostprocessing = 0;
		};
/* End PBXResourcesBuildPhase section */

/* Begin PBXSourcesBuildPhase section */
		498443111C23011A0090B9EE /* Sources */ = {
			isa = PBXSourcesBuildPhase;
			buildActionMask = 2147483647;
			files = (
				4984431B1C23011A0090B9EE /* ViewController.swift in Sources */,
				498443191C23011A0090B9EE /* AppDelegate.swift in Sources */,
			);
			runOnlyForDeploymentPostprocessing = 0;
		};
		498443251C23011A0090B9EE /* Sources */ = {
			isa = PBXSourcesBuildPhase;
			buildActionMask = 2147483647;
			files = (
				4984432E1C23011A0090B9EE /* RespApiCall_weatherTests.swift in Sources */,
			);
			runOnlyForDeploymentPostprocessing = 0;
		};
		498443301C23011A0090B9EE /* Sources */ = {
			isa = PBXSourcesBuildPhase;
			buildActionMask = 2147483647;
			files = (
				498443391C23011A0090B9EE /* RespApiCall_weatherUITests.swift in Sources */,
			);
			runOnlyForDeploymentPostprocessing = 0;
		};
/* End PBXSourcesBuildPhase section */

/* Begin PBXTargetDependency section */
		4984432B1C23011A0090B9EE /* PBXTargetDependency */ = {
			isa = PBXTargetDependency;
			target = 498443141C23011A0090B9EE /* RespApiCall-weather */;
			targetProxy = 4984432A1C23011A0090B9EE /* PBXContainerItemProxy */;
		};
		498443361C23011A0090B9EE /* PBXTargetDependency */ = {
			isa = PBXTargetDependency;
			target = 498443141C23011A0090B9EE /* RespApiCall-weather */;
			targetProxy = 498443351C23011A0090B9EE /* PBXContainerItemProxy */;
		};
/* End PBXTargetDependency section */

/* Begin PBXVariantGroup section */
		4984431C1C23011A0090B9EE /* Main.storyboard */ = {
			isa = PBXVariantGroup;
			children = (
				4984431D1C23011A0090B9EE /* Base */,
			);
			name = Main.storyboard;
			sourceTree = "<group>";
		};
		498443211C23011A0090B9EE /* LaunchScreen.storyboard */ = {
			isa = PBXVariantGroup;
			children = (
				498443221C23011A0090B9EE /* Base */,
			);
			name = LaunchScreen.storyboard;
			sourceTree = "<group>";
		};
/* End PBXVariantGroup section */

/* Begin XCBuildConfiguration section */
		4984433B1C23011A0090B9EE /* Debug */ = {
			isa = XCBuildConfiguration;
			buildSettings = {
				ALWAYS_SEARCH_USER_PATHS = NO;
				CLANG_CXX_LANGUAGE_STANDARD = "gnu++0x";
				CLANG_CXX_LIBRARY = "libc++";
				CLANG_ENABLE_MODULES = YES;
				CLANG_ENABLE_OBJC_ARC = YES;
				CLANG_WARN_BOOL_CONVERSION = YES;
				CLANG_WARN_CONSTANT_CONVERSION = YES;
				CLANG_WARN_DIRECT_OBJC_ISA_USAGE = YES_ERROR;
				CLANG_WARN_EMPTY_BODY = YES;
				CLANG_WARN_ENUM_CONVERSION = YES;
				CLANG_WARN_INT_CONVERSION = YES;
				CLANG_WARN_OBJC_ROOT_CLASS = YES_ERROR;
				CLANG_WARN_UNREACHABLE_CODE = YES;
				CLANG_WARN__DUPLICATE_METHOD_MATCH = YES;
				"CODE_SIGN_IDENTITY[sdk=iphoneos*]" = "iPhone Developer";
				COPY_PHASE_STRIP = NO;
				DEBUG_INFORMATION_FORMAT = dwarf;
				ENABLE_STRICT_OBJC_MSGSEND = YES;
				ENABLE_TESTABILITY = YES;
				GCC_C_LANGUAGE_STANDARD = gnu99;
				GCC_DYNAMIC_NO_PIC = NO;
				GCC_NO_COMMON_BLOCKS = YES;
				GCC_OPTIMIZATION_LEVEL = 0;
				GCC_PREPROCESSOR_DEFINITIONS = (
					"DEBUG=1",
					"$(inherited)",
				);
				GCC_WARN_64_TO_32_BIT_CONVERSION = YES;
				GCC_WARN_ABOUT_RETURN_TYPE = YES_ERROR;
				GCC_WARN_UNDECLARED_SELECTOR = YES;
				GCC_WARN_UNINITIALIZED_AUTOS = YES_AGGRESSIVE;
				GCC_WARN_UNUSED_FUNCTION = YES;
				GCC_WARN_UNUSED_VARIABLE = YES;
				IPHONEOS_DEPLOYMENT_TARGET = 9.2;
				MTL_ENABLE_DEBUG_INFO = YES;
				ONLY_ACTIVE_ARCH = YES;
				SDKROOT = iphoneos;
				SWIFT_OPTIMIZATION_LEVEL = "-Onone";
			};
			name = Debug;
		};
		4984433C1C23011A0090B9EE /* Release */ = {
			isa = XCBuildConfiguration;
			buildSettings = {
				ALWAYS_SEARCH_USER_PATHS = NO;
				CLANG_CXX_LANGUAGE_STANDARD = "gnu++0x";
				CLANG_CXX_LIBRARY = "libc++";
				CLANG_ENABLE_MODULES = YES;
				CLANG_ENABLE_OBJC_ARC = YES;
				CLANG_WARN_BOOL_CONVERSION = YES;
				CLANG_WARN_CONSTANT_CONVERSION = YES;
				CLANG_WARN_DIRECT_OBJC_ISA_USAGE = YES_ERROR;
				CLANG_WARN_EMPTY_BODY = YES;
				CLANG_WARN_ENUM_CONVERSION = YES;
				CLANG_WARN_INT_CONVERSION = YES;
				CLANG_WARN_OBJC_ROOT_CLASS = YES_ERROR;
				CLANG_WARN_UNREACHABLE_CODE = YES;
				CLANG_WARN__DUPLICATE_METHOD_MATCH = YES;
				"CODE_SIGN_IDENTITY[sdk=iphoneos*]" = "iPhone Developer";
				COPY_PHASE_STRIP = NO;
				DEBUG_INFORMATION_FORMAT = "dwarf-with-dsym";
				ENABLE_NS_ASSERTIONS = NO;
				ENABLE_STRICT_OBJC_MSGSEND = YES;
				GCC_C_LANGUAGE_STANDARD = gnu99;
				GCC_NO_COMMON_BLOCKS = YES;
				GCC_WARN_64_TO_32_BIT_CONVERSION = YES;
				GCC_WARN_ABOUT_RETURN_TYPE = YES_ERROR;
				GCC_WARN_UNDECLARED_SELECTOR = YES;
				GCC_WARN_UNINITIALIZED_AUTOS = YES_AGGRESSIVE;
				GCC_WARN_UNUSED_FUNCTION = YES;
				GCC_WARN_UNUSED_VARIABLE = YES;
				IPHONEOS_DEPLOYMENT_TARGET = 9.2;
				MTL_ENABLE_DEBUG_INFO = NO;
				SDKROOT = iphoneos;
				VALIDATE_PRODUCT = YES;
			};
			name = Release;
		};
		4984433E1C23011A0090B9EE /* Debug */ = {
			isa = XCBuildConfiguration;
			buildSettings = {
				ASSETCATALOG_COMPILER_APPICON_NAME = AppIcon;
				INFOPLIST_FILE = "RespApiCall-weather/Info.plist";
				LD_RUNPATH_SEARCH_PATHS = "$(inherited) @executable_path/Frameworks";
				PRODUCT_BUNDLE_IDENTIFIER = "mattia.RespApiCall-weather";
				PRODUCT_NAME = "$(TARGET_NAME)";
			};
			name = Debug;
		};
		4984433F1C23011A0090B9EE /* Release */ = {
			isa = XCBuildConfiguration;
			buildSettings = {
				ASSETCATALOG_COMPILER_APPICON_NAME = AppIcon;
				INFOPLIST_FILE = "RespApiCall-weather/Info.plist";
				LD_RUNPATH_SEARCH_PATHS = "$(inherited) @executable_path/Frameworks";
				PRODUCT_BUNDLE_IDENTIFIER = "mattia.RespApiCall-weather";
				PRODUCT_NAME = "$(TARGET_NAME)";
			};
			name = Release;
		};
		498443411C23011A0090B9EE /* Debug */ = {
			isa = XCBuildConfiguration;
			buildSettings = {
				BUNDLE_LOADER = "$(TEST_HOST)";
				INFOPLIST_FILE = "RespApiCall-weatherTests/Info.plist";
				LD_RUNPATH_SEARCH_PATHS = "$(inherited) @executable_path/Frameworks @loader_path/Frameworks";
				PRODUCT_BUNDLE_IDENTIFIER = "mattia.RespApiCall-weatherTests";
				PRODUCT_NAME = "$(TARGET_NAME)";
				TEST_HOST = "$(BUILT_PRODUCTS_DIR)/RespApiCall-weather.app/RespApiCall-weather";
			};
			name = Debug;
		};
		498443421C23011A0090B9EE /* Release */ = {
			isa = XCBuildConfiguration;
			buildSettings = {
				BUNDLE_LOADER = "$(TEST_HOST)";
				INFOPLIST_FILE = "RespApiCall-weatherTests/Info.plist";
				LD_RUNPATH_SEARCH_PATHS = "$(inherited) @executable_path/Frameworks @loader_path/Frameworks";
				PRODUCT_BUNDLE_IDENTIFIER = "mattia.RespApiCall-weatherTests";
				PRODUCT_NAME = "$(TARGET_NAME)";
				TEST_HOST = "$(BUILT_PRODUCTS_DIR)/RespApiCall-weather.app/RespApiCall-weather";
			};
			name = Release;
		};
		498443441C23011A0090B9EE /* Debug */ = {
			isa = XCBuildConfiguration;
			buildSettings = {
				INFOPLIST_FILE = "RespApiCall-weatherUITests/Info.plist";
				LD_RUNPATH_SEARCH_PATHS = "$(inherited) @executable_path/Frameworks @loader_path/Frameworks";
				PRODUCT_BUNDLE_IDENTIFIER = "mattia.RespApiCall-weatherUITests";
				PRODUCT_NAME = "$(TARGET_NAME)";
				TEST_TARGET_NAME = "RespApiCall-weather";
				USES_XCTRUNNER = YES;
			};
			name = Debug;
		};
		498443451C23011A0090B9EE /* Release */ = {
			isa = XCBuildConfiguration;
			buildSettings = {
				INFOPLIST_FILE = "RespApiCall-weatherUITests/Info.plist";
				LD_RUNPATH_SEARCH_PATHS = "$(inherited) @executable_path/Frameworks @loader_path/Frameworks";
				PRODUCT_BUNDLE_IDENTIFIER = "mattia.RespApiCall-weatherUITests";
				PRODUCT_NAME = "$(TARGET_NAME)";
				TEST_TARGET_NAME = "RespApiCall-weather";
				USES_XCTRUNNER = YES;
			};
			name = Release;
		};
/* End XCBuildConfiguration section */

/* Begin XCConfigurationList section */
		498443101C23011A0090B9EE /* Build configuration list for PBXProject "RespApiCall-weather" */ = {
			isa = XCConfigurationList;
			buildConfigurations = (
				4984433B1C23011A0090B9EE /* Debug */,
				4984433C1C23011A0090B9EE /* Release */,
			);
			defaultConfigurationIsVisible = 0;
			defaultConfigurationName = Release;
		};
		4984433D1C23011A0090B9EE /* Build configuration list for PBXNativeTarget "RespApiCall-weather" */ = {
			isa = XCConfigurationList;
			buildConfigurations = (
				4984433E1C23011A0090B9EE /* Debug */,
				4984433F1C23011A0090B9EE /* Release */,
			);
			defaultConfigurationIsVisible = 0;
		};
		498443401C23011A0090B9EE /* Build configuration list for PBXNativeTarget "RespApiCall-weatherTests" */ = {
			isa = XCConfigurationList;
			buildConfigurations = (
				498443411C23011A0090B9EE /* Debug */,
				498443421C23011A0090B9EE /* Release */,
			);
			defaultConfigurationIsVisible = 0;
		};
		498443431C23011A0090B9EE /* Build configuration list for PBXNativeTarget "RespApiCall-weatherUITests" */ = {
			isa = XCConfigurationList;
			buildConfigurations = (
				498443441C23011A0090B9EE /* Debug */,
				498443451C23011A0090B9EE /* Release */,
			);
			defaultConfigurationIsVisible = 0;
		};
/* End XCConfigurationList section */
	};
	rootObject = 4984430D1C23011A0090B9EE /* Project object */;
}
